// !$*UTF8*$!
{
	archiveVersion = 1;
	classes = {
	};
	objectVersion = 56;
	objects = {

/* Begin PBXBuildFile section */
		1224E71D2B97C19100262646 /* Tab.swift in Sources */ = {isa = PBXBuildFile; fileRef = 1224E71C2B97C19100262646 /* Tab.swift */; };
		1224E71F2B97C2F700262646 /* TabShape.swift in Sources */ = {isa = PBXBuildFile; fileRef = 1224E71E2B97C2F700262646 /* TabShape.swift */; };
		1224E7212B97C32500262646 /* TabPosition.swift in Sources */ = {isa = PBXBuildFile; fileRef = 1224E7202B97C32500262646 /* TabPosition.swift */; };
		1224E7252B9814FA00262646 /* Budget.swift in Sources */ = {isa = PBXBuildFile; fileRef = 1224E7242B9814FA00262646 /* Budget.swift */; };
		122DBFA22B93D9A3001E130B /* MoneyManagerApp.swift in Sources */ = {isa = PBXBuildFile; fileRef = 122DBFA12B93D9A3001E130B /* MoneyManagerApp.swift */; };
		122DBFA42B93D9A3001E130B /* ContentView.swift in Sources */ = {isa = PBXBuildFile; fileRef = 122DBFA32B93D9A3001E130B /* ContentView.swift */; };
		122DBFA62B93D9A4001E130B /* Assets.xcassets in Resources */ = {isa = PBXBuildFile; fileRef = 122DBFA52B93D9A4001E130B /* Assets.xcassets */; };
		122DBFAA2B93D9A4001E130B /* Preview Assets.xcassets in Resources */ = {isa = PBXBuildFile; fileRef = 122DBFA92B93D9A4001E130B /* Preview Assets.xcassets */; };
		122DBFB42B93D9A4001E130B /* MoneyManagerTests.swift in Sources */ = {isa = PBXBuildFile; fileRef = 122DBFB32B93D9A4001E130B /* MoneyManagerTests.swift */; };
		122DBFBE2B93D9A4001E130B /* MoneyManagerUITests.swift in Sources */ = {isa = PBXBuildFile; fileRef = 122DBFBD2B93D9A4001E130B /* MoneyManagerUITests.swift */; };
		122DBFC02B93D9A4001E130B /* MoneyManagerUITestsLaunchTests.swift in Sources */ = {isa = PBXBuildFile; fileRef = 122DBFBF2B93D9A4001E130B /* MoneyManagerUITestsLaunchTests.swift */; };
		12474FEC2B963FAB004E951A /* HapticsManager.swift in Sources */ = {isa = PBXBuildFile; fileRef = 12474FEB2B963FAB004E951A /* HapticsManager.swift */; };
		12474FEE2B96420A004E951A /* UIConstants.swift in Sources */ = {isa = PBXBuildFile; fileRef = 12474FED2B96420A004E951A /* UIConstants.swift */; };
		12474FF02B964253004E951A /* TintColor.swift in Sources */ = {isa = PBXBuildFile; fileRef = 12474FEF2B964253004E951A /* TintColor.swift */; };
		12474FF22B964368004E951A /* ThemeChangeView.swift in Sources */ = {isa = PBXBuildFile; fileRef = 12474FF12B964368004E951A /* ThemeChangeView.swift */; };
		12474FF42B9643A7004E951A /* NotificationState.swift in Sources */ = {isa = PBXBuildFile; fileRef = 12474FF32B9643A7004E951A /* NotificationState.swift */; };
		12474FF62B9643D2004E951A /* CustomShareSheet.swift in Sources */ = {isa = PBXBuildFile; fileRef = 12474FF52B9643D2004E951A /* CustomShareSheet.swift */; };
		12474FF82B9643FB004E951A /* LoadingView.swift in Sources */ = {isa = PBXBuildFile; fileRef = 12474FF72B9643FB004E951A /* LoadingView.swift */; };
		12474FFA2B964470004E951A /* TransactionModel.swift in Sources */ = {isa = PBXBuildFile; fileRef = 12474FF92B964470004E951A /* TransactionModel.swift */; };
		12474FFC2B9644AE004E951A /* Category.swift in Sources */ = {isa = PBXBuildFile; fileRef = 12474FFB2B9644AE004E951A /* Category.swift */; };
		12474FFE2B964901004E951A /* Date+Extention.swift in Sources */ = {isa = PBXBuildFile; fileRef = 12474FFD2B964901004E951A /* Date+Extention.swift */; };
		124750002B96495E004E951A /* Views+Extension.swift in Sources */ = {isa = PBXBuildFile; fileRef = 12474FFF2B96495E004E951A /* Views+Extension.swift */; };
		124750022B9649AC004E951A /* SwipeAction.swift in Sources */ = {isa = PBXBuildFile; fileRef = 124750012B9649AC004E951A /* SwipeAction.swift */; };
		124750042B9649ED004E951A /* FilterTransactionView.swift in Sources */ = {isa = PBXBuildFile; fileRef = 124750032B9649ED004E951A /* FilterTransactionView.swift */; };
		124750062B964A20004E951A /* AddTransactionView.swift in Sources */ = {isa = PBXBuildFile; fileRef = 124750052B964A20004E951A /* AddTransactionView.swift */; };
		124750082B964A34004E951A /* EditTransactionView.swift in Sources */ = {isa = PBXBuildFile; fileRef = 124750072B964A34004E951A /* EditTransactionView.swift */; };
		1247500A2B964A50004E951A /* DateFilterView.swift in Sources */ = {isa = PBXBuildFile; fileRef = 124750092B964A50004E951A /* DateFilterView.swift */; };
		1247500C2B964A7D004E951A /* TransactionCardView.swift in Sources */ = {isa = PBXBuildFile; fileRef = 1247500B2B964A7D004E951A /* TransactionCardView.swift */; };
		1247500E2B964AAA004E951A /* CardView.swift in Sources */ = {isa = PBXBuildFile; fileRef = 1247500D2B964AAA004E951A /* CardView.swift */; };
		124750102B965282004E951A /* IntroScreen.swift in Sources */ = {isa = PBXBuildFile; fileRef = 1247500F2B965282004E951A /* IntroScreen.swift */; };
		124750122B9652AE004E951A /* LockView.swift in Sources */ = {isa = PBXBuildFile; fileRef = 124750112B9652AE004E951A /* LockView.swift */; };
		124750142B965591004E951A /* BudgetsView.swift in Sources */ = {isa = PBXBuildFile; fileRef = 124750132B965591004E951A /* BudgetsView.swift */; };
		124750162B96720C004E951A /* ChartModel.swift in Sources */ = {isa = PBXBuildFile; fileRef = 124750152B96720C004E951A /* ChartModel.swift */; };
		124750182B969C2E004E951A /* ExpensesList.swift in Sources */ = {isa = PBXBuildFile; fileRef = 124750172B969C2E004E951A /* ExpensesList.swift */; };
		1247501C2B96A0E6004E951A /* DashboardView.swift in Sources */ = {isa = PBXBuildFile; fileRef = 1247501B2B96A0E6004E951A /* DashboardView.swift */; };
		12C049102B9789D6007CB8BA /* SwiftUI.framework in Frameworks */ = {isa = PBXBuildFile; fileRef = 12C0490F2B9789D6007CB8BA /* SwiftUI.framework */; };
		12C049122B9789E2007CB8BA /* WidgetKit.framework in Frameworks */ = {isa = PBXBuildFile; fileRef = 12C049112B9789E2007CB8BA /* WidgetKit.framework */; };
		12D21C912B9639EF002F44E9 /* MenuModel.swift in Sources */ = {isa = PBXBuildFile; fileRef = 12D21C902B9639EF002F44E9 /* MenuModel.swift */; };
		12D21C952B963A6E002F44E9 /* SettingsView.swift in Sources */ = {isa = PBXBuildFile; fileRef = 12D21C942B963A6E002F44E9 /* SettingsView.swift */; };
		12D21C972B963A81002F44E9 /* TransactionsView.swift in Sources */ = {isa = PBXBuildFile; fileRef = 12D21C962B963A81002F44E9 /* TransactionsView.swift */; };
		12D21C992B963A8C002F44E9 /* ProfileView.swift in Sources */ = {isa = PBXBuildFile; fileRef = 12D21C982B963A8C002F44E9 /* ProfileView.swift */; };
		12D21C9B2B963A98002F44E9 /* SearchView.swift in Sources */ = {isa = PBXBuildFile; fileRef = 12D21C9A2B963A98002F44E9 /* SearchView.swift */; };
		12D21C9D2B963ADB002F44E9 /* MenuButton.swift in Sources */ = {isa = PBXBuildFile; fileRef = 12D21C9C2B963ADB002F44E9 /* MenuButton.swift */; };
		12D21C9F2B963B43002F44E9 /* TabBarView.swift in Sources */ = {isa = PBXBuildFile; fileRef = 12D21C9E2B963B43002F44E9 /* TabBarView.swift */; };
		12D21CA12B963BCE002F44E9 /* Drawer.swift in Sources */ = {isa = PBXBuildFile; fileRef = 12D21CA02B963BCE002F44E9 /* Drawer.swift */; };
/* End PBXBuildFile section */

/* Begin PBXContainerItemProxy section */
		122DBFB02B93D9A4001E130B /* PBXContainerItemProxy */ = {
			isa = PBXContainerItemProxy;
			containerPortal = 122DBF962B93D9A3001E130B /* Project object */;
			proxyType = 1;
			remoteGlobalIDString = 122DBF9D2B93D9A3001E130B;
			remoteInfo = MoneyManager;
		};
		122DBFBA2B93D9A4001E130B /* PBXContainerItemProxy */ = {
			isa = PBXContainerItemProxy;
			containerPortal = 122DBF962B93D9A3001E130B /* Project object */;
			proxyType = 1;
			remoteGlobalIDString = 122DBF9D2B93D9A3001E130B;
			remoteInfo = MoneyManager;
		};
/* End PBXContainerItemProxy section */

/* Begin PBXFileReference section */
		1224E71C2B97C19100262646 /* Tab.swift */ = {isa = PBXFileReference; lastKnownFileType = sourcecode.swift; path = Tab.swift; sourceTree = "<group>"; };
		1224E71E2B97C2F700262646 /* TabShape.swift */ = {isa = PBXFileReference; lastKnownFileType = sourcecode.swift; path = TabShape.swift; sourceTree = "<group>"; };
		1224E7202B97C32500262646 /* TabPosition.swift */ = {isa = PBXFileReference; lastKnownFileType = sourcecode.swift; path = TabPosition.swift; sourceTree = "<group>"; };
		1224E7242B9814FA00262646 /* Budget.swift */ = {isa = PBXFileReference; lastKnownFileType = sourcecode.swift; path = Budget.swift; sourceTree = "<group>"; };
		122DBF9E2B93D9A3001E130B /* MoneyManager.app */ = {isa = PBXFileReference; explicitFileType = wrapper.application; includeInIndex = 0; path = MoneyManager.app; sourceTree = BUILT_PRODUCTS_DIR; };
		122DBFA12B93D9A3001E130B /* MoneyManagerApp.swift */ = {isa = PBXFileReference; lastKnownFileType = sourcecode.swift; path = MoneyManagerApp.swift; sourceTree = "<group>"; };
		122DBFA32B93D9A3001E130B /* ContentView.swift */ = {isa = PBXFileReference; lastKnownFileType = sourcecode.swift; path = ContentView.swift; sourceTree = "<group>"; };
		122DBFA52B93D9A4001E130B /* Assets.xcassets */ = {isa = PBXFileReference; lastKnownFileType = folder.assetcatalog; path = Assets.xcassets; sourceTree = "<group>"; };
		122DBFA72B93D9A4001E130B /* MoneyManager.entitlements */ = {isa = PBXFileReference; lastKnownFileType = text.plist.entitlements; path = MoneyManager.entitlements; sourceTree = "<group>"; };
		122DBFA92B93D9A4001E130B /* Preview Assets.xcassets */ = {isa = PBXFileReference; lastKnownFileType = folder.assetcatalog; path = "Preview Assets.xcassets"; sourceTree = "<group>"; };
		122DBFAF2B93D9A4001E130B /* MoneyManagerTests.xctest */ = {isa = PBXFileReference; explicitFileType = wrapper.cfbundle; includeInIndex = 0; path = MoneyManagerTests.xctest; sourceTree = BUILT_PRODUCTS_DIR; };
		122DBFB32B93D9A4001E130B /* MoneyManagerTests.swift */ = {isa = PBXFileReference; lastKnownFileType = sourcecode.swift; path = MoneyManagerTests.swift; sourceTree = "<group>"; };
		122DBFB92B93D9A4001E130B /* MoneyManagerUITests.xctest */ = {isa = PBXFileReference; explicitFileType = wrapper.cfbundle; includeInIndex = 0; path = MoneyManagerUITests.xctest; sourceTree = BUILT_PRODUCTS_DIR; };
		122DBFBD2B93D9A4001E130B /* MoneyManagerUITests.swift */ = {isa = PBXFileReference; lastKnownFileType = sourcecode.swift; path = MoneyManagerUITests.swift; sourceTree = "<group>"; };
		122DBFBF2B93D9A4001E130B /* MoneyManagerUITestsLaunchTests.swift */ = {isa = PBXFileReference; lastKnownFileType = sourcecode.swift; path = MoneyManagerUITestsLaunchTests.swift; sourceTree = "<group>"; };
		12474FEB2B963FAB004E951A /* HapticsManager.swift */ = {isa = PBXFileReference; lastKnownFileType = sourcecode.swift; path = HapticsManager.swift; sourceTree = "<group>"; };
		12474FED2B96420A004E951A /* UIConstants.swift */ = {isa = PBXFileReference; lastKnownFileType = sourcecode.swift; path = UIConstants.swift; sourceTree = "<group>"; };
		12474FEF2B964253004E951A /* TintColor.swift */ = {isa = PBXFileReference; lastKnownFileType = sourcecode.swift; path = TintColor.swift; sourceTree = "<group>"; };
		12474FF12B964368004E951A /* ThemeChangeView.swift */ = {isa = PBXFileReference; lastKnownFileType = sourcecode.swift; path = ThemeChangeView.swift; sourceTree = "<group>"; };
		12474FF32B9643A7004E951A /* NotificationState.swift */ = {isa = PBXFileReference; lastKnownFileType = sourcecode.swift; path = NotificationState.swift; sourceTree = "<group>"; };
		12474FF52B9643D2004E951A /* CustomShareSheet.swift */ = {isa = PBXFileReference; lastKnownFileType = sourcecode.swift; path = CustomShareSheet.swift; sourceTree = "<group>"; };
		12474FF72B9643FB004E951A /* LoadingView.swift */ = {isa = PBXFileReference; lastKnownFileType = sourcecode.swift; path = LoadingView.swift; sourceTree = "<group>"; };
		12474FF92B964470004E951A /* TransactionModel.swift */ = {isa = PBXFileReference; lastKnownFileType = sourcecode.swift; path = TransactionModel.swift; sourceTree = "<group>"; };
		12474FFB2B9644AE004E951A /* Category.swift */ = {isa = PBXFileReference; lastKnownFileType = sourcecode.swift; path = Category.swift; sourceTree = "<group>"; };
		12474FFD2B964901004E951A /* Date+Extention.swift */ = {isa = PBXFileReference; lastKnownFileType = sourcecode.swift; path = "Date+Extention.swift"; sourceTree = "<group>"; };
		12474FFF2B96495E004E951A /* Views+Extension.swift */ = {isa = PBXFileReference; lastKnownFileType = sourcecode.swift; path = "Views+Extension.swift"; sourceTree = "<group>"; };
		124750012B9649AC004E951A /* SwipeAction.swift */ = {isa = PBXFileReference; lastKnownFileType = sourcecode.swift; path = SwipeAction.swift; sourceTree = "<group>"; };
		124750032B9649ED004E951A /* FilterTransactionView.swift */ = {isa = PBXFileReference; lastKnownFileType = sourcecode.swift; path = FilterTransactionView.swift; sourceTree = "<group>"; };
		124750052B964A20004E951A /* AddTransactionView.swift */ = {isa = PBXFileReference; lastKnownFileType = sourcecode.swift; path = AddTransactionView.swift; sourceTree = "<group>"; };
		124750072B964A34004E951A /* EditTransactionView.swift */ = {isa = PBXFileReference; lastKnownFileType = sourcecode.swift; path = EditTransactionView.swift; sourceTree = "<group>"; };
		124750092B964A50004E951A /* DateFilterView.swift */ = {isa = PBXFileReference; lastKnownFileType = sourcecode.swift; path = DateFilterView.swift; sourceTree = "<group>"; };
		1247500B2B964A7D004E951A /* TransactionCardView.swift */ = {isa = PBXFileReference; lastKnownFileType = sourcecode.swift; path = TransactionCardView.swift; sourceTree = "<group>"; };
		1247500D2B964AAA004E951A /* CardView.swift */ = {isa = PBXFileReference; lastKnownFileType = sourcecode.swift; path = CardView.swift; sourceTree = "<group>"; };
		1247500F2B965282004E951A /* IntroScreen.swift */ = {isa = PBXFileReference; lastKnownFileType = sourcecode.swift; path = IntroScreen.swift; sourceTree = "<group>"; };
		124750112B9652AE004E951A /* LockView.swift */ = {isa = PBXFileReference; lastKnownFileType = sourcecode.swift; path = LockView.swift; sourceTree = "<group>"; };
		124750132B965591004E951A /* BudgetsView.swift */ = {isa = PBXFileReference; lastKnownFileType = sourcecode.swift; path = BudgetsView.swift; sourceTree = "<group>"; };
		124750152B96720C004E951A /* ChartModel.swift */ = {isa = PBXFileReference; lastKnownFileType = sourcecode.swift; path = ChartModel.swift; sourceTree = "<group>"; };
		124750172B969C2E004E951A /* ExpensesList.swift */ = {isa = PBXFileReference; lastKnownFileType = sourcecode.swift; path = ExpensesList.swift; sourceTree = "<group>"; };
		1247501B2B96A0E6004E951A /* DashboardView.swift */ = {isa = PBXFileReference; lastKnownFileType = sourcecode.swift; path = DashboardView.swift; sourceTree = "<group>"; };
		12C0490F2B9789D6007CB8BA /* SwiftUI.framework */ = {isa = PBXFileReference; lastKnownFileType = wrapper.framework; name = SwiftUI.framework; path = Platforms/iPhoneOS.platform/Developer/SDKs/iPhoneOS17.2.sdk/System/Library/Frameworks/SwiftUI.framework; sourceTree = DEVELOPER_DIR; };
		12C049112B9789E2007CB8BA /* WidgetKit.framework */ = {isa = PBXFileReference; lastKnownFileType = wrapper.framework; name = WidgetKit.framework; path = Platforms/iPhoneOS.platform/Developer/SDKs/iPhoneOS17.2.sdk/System/Library/Frameworks/WidgetKit.framework; sourceTree = DEVELOPER_DIR; };
		12D21C902B9639EF002F44E9 /* MenuModel.swift */ = {isa = PBXFileReference; lastKnownFileType = sourcecode.swift; path = MenuModel.swift; sourceTree = "<group>"; };
		12D21C942B963A6E002F44E9 /* SettingsView.swift */ = {isa = PBXFileReference; lastKnownFileType = sourcecode.swift; path = SettingsView.swift; sourceTree = "<group>"; };
		12D21C962B963A81002F44E9 /* TransactionsView.swift */ = {isa = PBXFileReference; lastKnownFileType = sourcecode.swift; path = TransactionsView.swift; sourceTree = "<group>"; };
		12D21C982B963A8C002F44E9 /* ProfileView.swift */ = {isa = PBXFileReference; lastKnownFileType = sourcecode.swift; path = ProfileView.swift; sourceTree = "<group>"; };
		12D21C9A2B963A98002F44E9 /* SearchView.swift */ = {isa = PBXFileReference; lastKnownFileType = sourcecode.swift; path = SearchView.swift; sourceTree = "<group>"; };
		12D21C9C2B963ADB002F44E9 /* MenuButton.swift */ = {isa = PBXFileReference; lastKnownFileType = sourcecode.swift; path = MenuButton.swift; sourceTree = "<group>"; };
		12D21C9E2B963B43002F44E9 /* TabBarView.swift */ = {isa = PBXFileReference; lastKnownFileType = sourcecode.swift; path = TabBarView.swift; sourceTree = "<group>"; };
		12D21CA02B963BCE002F44E9 /* Drawer.swift */ = {isa = PBXFileReference; lastKnownFileType = sourcecode.swift; path = Drawer.swift; sourceTree = "<group>"; };
/* End PBXFileReference section */

/* Begin PBXFrameworksBuildPhase section */
		122DBF9B2B93D9A3001E130B /* Frameworks */ = {
			isa = PBXFrameworksBuildPhase;
			buildActionMask = 2147483647;
			files = (
				12C049102B9789D6007CB8BA /* SwiftUI.framework in Frameworks */,
				12C049122B9789E2007CB8BA /* WidgetKit.framework in Frameworks */,
			);
			runOnlyForDeploymentPostprocessing = 0;
		};
		122DBFAC2B93D9A4001E130B /* Frameworks */ = {
			isa = PBXFrameworksBuildPhase;
			buildActionMask = 2147483647;
			files = (
			);
			runOnlyForDeploymentPostprocessing = 0;
		};
		122DBFB62B93D9A4001E130B /* Frameworks */ = {
			isa = PBXFrameworksBuildPhase;
			buildActionMask = 2147483647;
			files = (
			);
			runOnlyForDeploymentPostprocessing = 0;
		};
/* End PBXFrameworksBuildPhase section */

/* Begin PBXGroup section */
		122DBF952B93D9A3001E130B = {
			isa = PBXGroup;
			children = (
				122DBFA12B93D9A3001E130B /* MoneyManagerApp.swift */,
				122DBFA02B93D9A3001E130B /* MoneyManager */,
				122DBFB22B93D9A4001E130B /* MoneyManagerTests */,
				122DBFBC2B93D9A4001E130B /* MoneyManagerUITests */,
				122DBF9F2B93D9A3001E130B /* Products */,
				12C0490E2B9789D5007CB8BA /* Frameworks */,
			);
			sourceTree = "<group>";
		};
		122DBF9F2B93D9A3001E130B /* Products */ = {
			isa = PBXGroup;
			children = (
				122DBF9E2B93D9A3001E130B /* MoneyManager.app */,
				122DBFAF2B93D9A4001E130B /* MoneyManagerTests.xctest */,
				122DBFB92B93D9A4001E130B /* MoneyManagerUITests.xctest */,
			);
			name = Products;
			sourceTree = "<group>";
		};
		122DBFA02B93D9A3001E130B /* MoneyManager */ = {
			isa = PBXGroup;
			children = (
				122DBFCE2B93D9CC001E130B /* Support */,
				122DBFCC2B93D9BC001E130B /* Models */,
				122DBFCD2B93D9C4001E130B /* Views */,
				122DBFA32B93D9A3001E130B /* ContentView.swift */,
				122DBFA52B93D9A4001E130B /* Assets.xcassets */,
				122DBFA72B93D9A4001E130B /* MoneyManager.entitlements */,
				122DBFA82B93D9A4001E130B /* Preview Content */,
			);
			path = MoneyManager;
			sourceTree = "<group>";
		};
		122DBFA82B93D9A4001E130B /* Preview Content */ = {
			isa = PBXGroup;
			children = (
				122DBFA92B93D9A4001E130B /* Preview Assets.xcassets */,
			);
			path = "Preview Content";
			sourceTree = "<group>";
		};
		122DBFB22B93D9A4001E130B /* MoneyManagerTests */ = {
			isa = PBXGroup;
			children = (
				122DBFB32B93D9A4001E130B /* MoneyManagerTests.swift */,
			);
			path = MoneyManagerTests;
			sourceTree = "<group>";
		};
		122DBFBC2B93D9A4001E130B /* MoneyManagerUITests */ = {
			isa = PBXGroup;
			children = (
				122DBFBD2B93D9A4001E130B /* MoneyManagerUITests.swift */,
				122DBFBF2B93D9A4001E130B /* MoneyManagerUITestsLaunchTests.swift */,
			);
			path = MoneyManagerUITests;
			sourceTree = "<group>";
		};
		122DBFCC2B93D9BC001E130B /* Models */ = {
			isa = PBXGroup;
			children = (
				12D21C902B9639EF002F44E9 /* MenuModel.swift */,
				12474FF32B9643A7004E951A /* NotificationState.swift */,
				12474FF92B964470004E951A /* TransactionModel.swift */,
				12474FFB2B9644AE004E951A /* Category.swift */,
				124750152B96720C004E951A /* ChartModel.swift */,
				1224E71C2B97C19100262646 /* Tab.swift */,
				1224E7242B9814FA00262646 /* Budget.swift */,
			);
			path = Models;
			sourceTree = "<group>";
		};
		122DBFCD2B93D9C4001E130B /* Views */ = {
			isa = PBXGroup;
			children = (
				12D21C8F2B9635E7002F44E9 /* MenuViews */,
				12D21C8E2B9635C9002F44E9 /* SideMenu */,
				12D21C9E2B963B43002F44E9 /* TabBarView.swift */,
				12474FF12B964368004E951A /* ThemeChangeView.swift */,
				12474FF72B9643FB004E951A /* LoadingView.swift */,
				124750032B9649ED004E951A /* FilterTransactionView.swift */,
				124750052B964A20004E951A /* AddTransactionView.swift */,
				124750072B964A34004E951A /* EditTransactionView.swift */,
				124750092B964A50004E951A /* DateFilterView.swift */,
				1247500B2B964A7D004E951A /* TransactionCardView.swift */,
				1247500D2B964AAA004E951A /* CardView.swift */,
				1247500F2B965282004E951A /* IntroScreen.swift */,
				124750112B9652AE004E951A /* LockView.swift */,
				124750172B969C2E004E951A /* ExpensesList.swift */,
			);
			path = Views;
			sourceTree = "<group>";
		};
		122DBFCE2B93D9CC001E130B /* Support */ = {
			isa = PBXGroup;
			children = (
				12474FEB2B963FAB004E951A /* HapticsManager.swift */,
				12474FED2B96420A004E951A /* UIConstants.swift */,
				12474FEF2B964253004E951A /* TintColor.swift */,
				12474FF52B9643D2004E951A /* CustomShareSheet.swift */,
				12474FFD2B964901004E951A /* Date+Extention.swift */,
				12474FFF2B96495E004E951A /* Views+Extension.swift */,
				124750012B9649AC004E951A /* SwipeAction.swift */,
				1224E71E2B97C2F700262646 /* TabShape.swift */,
				1224E7202B97C32500262646 /* TabPosition.swift */,
			);
			path = Support;
			sourceTree = "<group>";
		};
		12C0490E2B9789D5007CB8BA /* Frameworks */ = {
			isa = PBXGroup;
			children = (
				12C049112B9789E2007CB8BA /* WidgetKit.framework */,
				12C0490F2B9789D6007CB8BA /* SwiftUI.framework */,
			);
			name = Frameworks;
			sourceTree = "<group>";
		};
		12D21C8E2B9635C9002F44E9 /* SideMenu */ = {
			isa = PBXGroup;
			children = (
				12D21C9C2B963ADB002F44E9 /* MenuButton.swift */,
				12D21CA02B963BCE002F44E9 /* Drawer.swift */,
			);
			path = SideMenu;
			sourceTree = "<group>";
		};
		12D21C8F2B9635E7002F44E9 /* MenuViews */ = {
			isa = PBXGroup;
			children = (
				12D21C982B963A8C002F44E9 /* ProfileView.swift */,
				12D21C962B963A81002F44E9 /* TransactionsView.swift */,
				12D21C9A2B963A98002F44E9 /* SearchView.swift */,
				12D21C942B963A6E002F44E9 /* SettingsView.swift */,
				124750132B965591004E951A /* BudgetsView.swift */,
				1247501B2B96A0E6004E951A /* DashboardView.swift */,
			);
			path = MenuViews;
			sourceTree = "<group>";
		};
/* End PBXGroup section */

/* Begin PBXNativeTarget section */
		122DBF9D2B93D9A3001E130B /* MoneyManager */ = {
			isa = PBXNativeTarget;
			buildConfigurationList = 122DBFC32B93D9A4001E130B /* Build configuration list for PBXNativeTarget "MoneyManager" */;
			buildPhases = (
				122DBF9A2B93D9A3001E130B /* Sources */,
				122DBF9B2B93D9A3001E130B /* Frameworks */,
				122DBF9C2B93D9A3001E130B /* Resources */,
			);
			buildRules = (
			);
			dependencies = (
			);
			name = MoneyManager;
			productName = MoneyManager;
			productReference = 122DBF9E2B93D9A3001E130B /* MoneyManager.app */;
			productType = "com.apple.product-type.application";
		};
		122DBFAE2B93D9A4001E130B /* MoneyManagerTests */ = {
			isa = PBXNativeTarget;
			buildConfigurationList = 122DBFC62B93D9A4001E130B /* Build configuration list for PBXNativeTarget "MoneyManagerTests" */;
			buildPhases = (
				122DBFAB2B93D9A4001E130B /* Sources */,
				122DBFAC2B93D9A4001E130B /* Frameworks */,
				122DBFAD2B93D9A4001E130B /* Resources */,
			);
			buildRules = (
			);
			dependencies = (
				122DBFB12B93D9A4001E130B /* PBXTargetDependency */,
			);
			name = MoneyManagerTests;
			productName = MoneyManagerTests;
			productReference = 122DBFAF2B93D9A4001E130B /* MoneyManagerTests.xctest */;
			productType = "com.apple.product-type.bundle.unit-test";
		};
		122DBFB82B93D9A4001E130B /* MoneyManagerUITests */ = {
			isa = PBXNativeTarget;
			buildConfigurationList = 122DBFC92B93D9A4001E130B /* Build configuration list for PBXNativeTarget "MoneyManagerUITests" */;
			buildPhases = (
				122DBFB52B93D9A4001E130B /* Sources */,
				122DBFB62B93D9A4001E130B /* Frameworks */,
				122DBFB72B93D9A4001E130B /* Resources */,
			);
			buildRules = (
			);
			dependencies = (
				122DBFBB2B93D9A4001E130B /* PBXTargetDependency */,
			);
			name = MoneyManagerUITests;
			productName = MoneyManagerUITests;
			productReference = 122DBFB92B93D9A4001E130B /* MoneyManagerUITests.xctest */;
			productType = "com.apple.product-type.bundle.ui-testing";
		};
/* End PBXNativeTarget section */

/* Begin PBXProject section */
		122DBF962B93D9A3001E130B /* Project object */ = {
			isa = PBXProject;
			attributes = {
				BuildIndependentTargetsInParallel = 1;
				LastSwiftUpdateCheck = 1520;
				LastUpgradeCheck = 1520;
				TargetAttributes = {
					122DBF9D2B93D9A3001E130B = {
						CreatedOnToolsVersion = 15.2;
					};
					122DBFAE2B93D9A4001E130B = {
						CreatedOnToolsVersion = 15.2;
						TestTargetID = 122DBF9D2B93D9A3001E130B;
					};
					122DBFB82B93D9A4001E130B = {
						CreatedOnToolsVersion = 15.2;
						TestTargetID = 122DBF9D2B93D9A3001E130B;
					};
				};
			};
			buildConfigurationList = 122DBF992B93D9A3001E130B /* Build configuration list for PBXProject "MoneyManager" */;
			compatibilityVersion = "Xcode 14.0";
			developmentRegion = en;
			hasScannedForEncodings = 0;
			knownRegions = (
				en,
				Base,
			);
			mainGroup = 122DBF952B93D9A3001E130B;
			productRefGroup = 122DBF9F2B93D9A3001E130B /* Products */;
			projectDirPath = "";
			projectRoot = "";
			targets = (
				122DBF9D2B93D9A3001E130B /* MoneyManager */,
				122DBFAE2B93D9A4001E130B /* MoneyManagerTests */,
				122DBFB82B93D9A4001E130B /* MoneyManagerUITests */,
			);
		};
/* End PBXProject section */

/* Begin PBXResourcesBuildPhase section */
		122DBF9C2B93D9A3001E130B /* Resources */ = {
			isa = PBXResourcesBuildPhase;
			buildActionMask = 2147483647;
			files = (
				122DBFAA2B93D9A4001E130B /* Preview Assets.xcassets in Resources */,
				122DBFA62B93D9A4001E130B /* Assets.xcassets in Resources */,
			);
			runOnlyForDeploymentPostprocessing = 0;
		};
		122DBFAD2B93D9A4001E130B /* Resources */ = {
			isa = PBXResourcesBuildPhase;
			buildActionMask = 2147483647;
			files = (
			);
			runOnlyForDeploymentPostprocessing = 0;
		};
		122DBFB72B93D9A4001E130B /* Resources */ = {
			isa = PBXResourcesBuildPhase;
			buildActionMask = 2147483647;
			files = (
			);
			runOnlyForDeploymentPostprocessing = 0;
		};
/* End PBXResourcesBuildPhase section */

/* Begin PBXSourcesBuildPhase section */
		122DBF9A2B93D9A3001E130B /* Sources */ = {
			isa = PBXSourcesBuildPhase;
			buildActionMask = 2147483647;
			files = (
				12474FF02B964253004E951A /* TintColor.swift in Sources */,
				12D21C952B963A6E002F44E9 /* SettingsView.swift in Sources */,
				122DBFA42B93D9A3001E130B /* ContentView.swift in Sources */,
				124750082B964A34004E951A /* EditTransactionView.swift in Sources */,
				12474FF22B964368004E951A /* ThemeChangeView.swift in Sources */,
				124750042B9649ED004E951A /* FilterTransactionView.swift in Sources */,
				12D21C9F2B963B43002F44E9 /* TabBarView.swift in Sources */,
				12D21CA12B963BCE002F44E9 /* Drawer.swift in Sources */,
				122DBFA22B93D9A3001E130B /* MoneyManagerApp.swift in Sources */,
				124750102B965282004E951A /* IntroScreen.swift in Sources */,
				12474FF62B9643D2004E951A /* CustomShareSheet.swift in Sources */,
				12474FEC2B963FAB004E951A /* HapticsManager.swift in Sources */,
				124750002B96495E004E951A /* Views+Extension.swift in Sources */,
				12474FFE2B964901004E951A /* Date+Extention.swift in Sources */,
				12474FFA2B964470004E951A /* TransactionModel.swift in Sources */,
				1224E7212B97C32500262646 /* TabPosition.swift in Sources */,
				1247500E2B964AAA004E951A /* CardView.swift in Sources */,
				1247500C2B964A7D004E951A /* TransactionCardView.swift in Sources */,
				124750122B9652AE004E951A /* LockView.swift in Sources */,
				124750162B96720C004E951A /* ChartModel.swift in Sources */,
				12474FFC2B9644AE004E951A /* Category.swift in Sources */,
				12D21C9B2B963A98002F44E9 /* SearchView.swift in Sources */,
				1224E71F2B97C2F700262646 /* TabShape.swift in Sources */,
				124750142B965591004E951A /* BudgetsView.swift in Sources */,
				12474FF42B9643A7004E951A /* NotificationState.swift in Sources */,
				12D21C9D2B963ADB002F44E9 /* MenuButton.swift in Sources */,
				12D21C912B9639EF002F44E9 /* MenuModel.swift in Sources */,
				1247500A2B964A50004E951A /* DateFilterView.swift in Sources */,
				124750062B964A20004E951A /* AddTransactionView.swift in Sources */,
				1224E71D2B97C19100262646 /* Tab.swift in Sources */,
				1224E7252B9814FA00262646 /* Budget.swift in Sources */,
				1247501C2B96A0E6004E951A /* DashboardView.swift in Sources */,
				124750182B969C2E004E951A /* ExpensesList.swift in Sources */,
				12474FEE2B96420A004E951A /* UIConstants.swift in Sources */,
				12D21C992B963A8C002F44E9 /* ProfileView.swift in Sources */,
				124750022B9649AC004E951A /* SwipeAction.swift in Sources */,
				12D21C972B963A81002F44E9 /* TransactionsView.swift in Sources */,
				12474FF82B9643FB004E951A /* LoadingView.swift in Sources */,
			);
			runOnlyForDeploymentPostprocessing = 0;
		};
		122DBFAB2B93D9A4001E130B /* Sources */ = {
			isa = PBXSourcesBuildPhase;
			buildActionMask = 2147483647;
			files = (
				122DBFB42B93D9A4001E130B /* MoneyManagerTests.swift in Sources */,
			);
			runOnlyForDeploymentPostprocessing = 0;
		};
		122DBFB52B93D9A4001E130B /* Sources */ = {
			isa = PBXSourcesBuildPhase;
			buildActionMask = 2147483647;
			files = (
				122DBFBE2B93D9A4001E130B /* MoneyManagerUITests.swift in Sources */,
				122DBFC02B93D9A4001E130B /* MoneyManagerUITestsLaunchTests.swift in Sources */,
			);
			runOnlyForDeploymentPostprocessing = 0;
		};
/* End PBXSourcesBuildPhase section */

/* Begin PBXTargetDependency section */
		122DBFB12B93D9A4001E130B /* PBXTargetDependency */ = {
			isa = PBXTargetDependency;
			target = 122DBF9D2B93D9A3001E130B /* MoneyManager */;
			targetProxy = 122DBFB02B93D9A4001E130B /* PBXContainerItemProxy */;
		};
		122DBFBB2B93D9A4001E130B /* PBXTargetDependency */ = {
			isa = PBXTargetDependency;
			target = 122DBF9D2B93D9A3001E130B /* MoneyManager */;
			targetProxy = 122DBFBA2B93D9A4001E130B /* PBXContainerItemProxy */;
		};
/* End PBXTargetDependency section */

/* Begin XCBuildConfiguration section */
		122DBFC12B93D9A4001E130B /* Debug */ = {
			isa = XCBuildConfiguration;
			buildSettings = {
				ALWAYS_SEARCH_USER_PATHS = NO;
				ASSETCATALOG_COMPILER_GENERATE_SWIFT_ASSET_SYMBOL_EXTENSIONS = YES;
				CLANG_ANALYZER_NONNULL = YES;
				CLANG_ANALYZER_NUMBER_OBJECT_CONVERSION = YES_AGGRESSIVE;
				CLANG_CXX_LANGUAGE_STANDARD = "gnu++20";
				CLANG_ENABLE_MODULES = YES;
				CLANG_ENABLE_OBJC_ARC = YES;
				CLANG_ENABLE_OBJC_WEAK = YES;
				CLANG_WARN_BLOCK_CAPTURE_AUTORELEASING = YES;
				CLANG_WARN_BOOL_CONVERSION = YES;
				CLANG_WARN_COMMA = YES;
				CLANG_WARN_CONSTANT_CONVERSION = YES;
				CLANG_WARN_DEPRECATED_OBJC_IMPLEMENTATIONS = YES;
				CLANG_WARN_DIRECT_OBJC_ISA_USAGE = YES_ERROR;
				CLANG_WARN_DOCUMENTATION_COMMENTS = YES;
				CLANG_WARN_EMPTY_BODY = YES;
				CLANG_WARN_ENUM_CONVERSION = YES;
				CLANG_WARN_INFINITE_RECURSION = YES;
				CLANG_WARN_INT_CONVERSION = YES;
				CLANG_WARN_NON_LITERAL_NULL_CONVERSION = YES;
				CLANG_WARN_OBJC_IMPLICIT_RETAIN_SELF = YES;
				CLANG_WARN_OBJC_LITERAL_CONVERSION = YES;
				CLANG_WARN_OBJC_ROOT_CLASS = YES_ERROR;
				CLANG_WARN_QUOTED_INCLUDE_IN_FRAMEWORK_HEADER = YES;
				CLANG_WARN_RANGE_LOOP_ANALYSIS = YES;
				CLANG_WARN_STRICT_PROTOTYPES = YES;
				CLANG_WARN_SUSPICIOUS_MOVE = YES;
				CLANG_WARN_UNGUARDED_AVAILABILITY = YES_AGGRESSIVE;
				CLANG_WARN_UNREACHABLE_CODE = YES;
				CLANG_WARN__DUPLICATE_METHOD_MATCH = YES;
				COPY_PHASE_STRIP = NO;
				DEBUG_INFORMATION_FORMAT = dwarf;
				ENABLE_STRICT_OBJC_MSGSEND = YES;
				ENABLE_TESTABILITY = YES;
				ENABLE_USER_SCRIPT_SANDBOXING = YES;
				GCC_C_LANGUAGE_STANDARD = gnu17;
				GCC_DYNAMIC_NO_PIC = NO;
				GCC_NO_COMMON_BLOCKS = YES;
				GCC_OPTIMIZATION_LEVEL = 0;
				GCC_PREPROCESSOR_DEFINITIONS = (
					"DEBUG=1",
					"$(inherited)",
				);
				GCC_WARN_64_TO_32_BIT_CONVERSION = YES;
				GCC_WARN_ABOUT_RETURN_TYPE = YES_ERROR;
				GCC_WARN_UNDECLARED_SELECTOR = YES;
				GCC_WARN_UNINITIALIZED_AUTOS = YES_AGGRESSIVE;
				GCC_WARN_UNUSED_FUNCTION = YES;
				GCC_WARN_UNUSED_VARIABLE = YES;
				LOCALIZATION_PREFERS_STRING_CATALOGS = YES;
				MTL_ENABLE_DEBUG_INFO = INCLUDE_SOURCE;
				MTL_FAST_MATH = YES;
				ONLY_ACTIVE_ARCH = YES;
				SWIFT_ACTIVE_COMPILATION_CONDITIONS = "DEBUG $(inherited)";
				SWIFT_OPTIMIZATION_LEVEL = "-Onone";
			};
			name = Debug;
		};
		122DBFC22B93D9A4001E130B /* Release */ = {
			isa = XCBuildConfiguration;
			buildSettings = {
				ALWAYS_SEARCH_USER_PATHS = NO;
				ASSETCATALOG_COMPILER_GENERATE_SWIFT_ASSET_SYMBOL_EXTENSIONS = YES;
				CLANG_ANALYZER_NONNULL = YES;
				CLANG_ANALYZER_NUMBER_OBJECT_CONVERSION = YES_AGGRESSIVE;
				CLANG_CXX_LANGUAGE_STANDARD = "gnu++20";
				CLANG_ENABLE_MODULES = YES;
				CLANG_ENABLE_OBJC_ARC = YES;
				CLANG_ENABLE_OBJC_WEAK = YES;
				CLANG_WARN_BLOCK_CAPTURE_AUTORELEASING = YES;
				CLANG_WARN_BOOL_CONVERSION = YES;
				CLANG_WARN_COMMA = YES;
				CLANG_WARN_CONSTANT_CONVERSION = YES;
				CLANG_WARN_DEPRECATED_OBJC_IMPLEMENTATIONS = YES;
				CLANG_WARN_DIRECT_OBJC_ISA_USAGE = YES_ERROR;
				CLANG_WARN_DOCUMENTATION_COMMENTS = YES;
				CLANG_WARN_EMPTY_BODY = YES;
				CLANG_WARN_ENUM_CONVERSION = YES;
				CLANG_WARN_INFINITE_RECURSION = YES;
				CLANG_WARN_INT_CONVERSION = YES;
				CLANG_WARN_NON_LITERAL_NULL_CONVERSION = YES;
				CLANG_WARN_OBJC_IMPLICIT_RETAIN_SELF = YES;
				CLANG_WARN_OBJC_LITERAL_CONVERSION = YES;
				CLANG_WARN_OBJC_ROOT_CLASS = YES_ERROR;
				CLANG_WARN_QUOTED_INCLUDE_IN_FRAMEWORK_HEADER = YES;
				CLANG_WARN_RANGE_LOOP_ANALYSIS = YES;
				CLANG_WARN_STRICT_PROTOTYPES = YES;
				CLANG_WARN_SUSPICIOUS_MOVE = YES;
				CLANG_WARN_UNGUARDED_AVAILABILITY = YES_AGGRESSIVE;
				CLANG_WARN_UNREACHABLE_CODE = YES;
				CLANG_WARN__DUPLICATE_METHOD_MATCH = YES;
				COPY_PHASE_STRIP = NO;
				DEBUG_INFORMATION_FORMAT = "dwarf-with-dsym";
				ENABLE_NS_ASSERTIONS = NO;
				ENABLE_STRICT_OBJC_MSGSEND = YES;
				ENABLE_USER_SCRIPT_SANDBOXING = YES;
				GCC_C_LANGUAGE_STANDARD = gnu17;
				GCC_NO_COMMON_BLOCKS = YES;
				GCC_WARN_64_TO_32_BIT_CONVERSION = YES;
				GCC_WARN_ABOUT_RETURN_TYPE = YES_ERROR;
				GCC_WARN_UNDECLARED_SELECTOR = YES;
				GCC_WARN_UNINITIALIZED_AUTOS = YES_AGGRESSIVE;
				GCC_WARN_UNUSED_FUNCTION = YES;
				GCC_WARN_UNUSED_VARIABLE = YES;
				LOCALIZATION_PREFERS_STRING_CATALOGS = YES;
				MTL_ENABLE_DEBUG_INFO = NO;
				MTL_FAST_MATH = YES;
				SWIFT_COMPILATION_MODE = wholemodule;
			};
			name = Release;
		};
		122DBFC42B93D9A4001E130B /* Debug */ = {
			isa = XCBuildConfiguration;
			buildSettings = {
				ASSETCATALOG_COMPILER_APPICON_NAME = AppIcon;
				ASSETCATALOG_COMPILER_GLOBAL_ACCENT_COLOR_NAME = AccentColor;
				CODE_SIGN_ENTITLEMENTS = MoneyManager/MoneyManager.entitlements;
				CODE_SIGN_STYLE = Automatic;
				CURRENT_PROJECT_VERSION = 1;
				DEVELOPMENT_ASSET_PATHS = "\"MoneyManager/Preview Content\"";
				DEVELOPMENT_TEAM = 8QQYNTY523;
				ENABLE_HARDENED_RUNTIME = YES;
				ENABLE_PREVIEWS = YES;
				GENERATE_INFOPLIST_FILE = YES;
				INFOPLIST_KEY_CFBundleDisplayName = MoneyManager;
				INFOPLIST_KEY_LSApplicationCategoryType = "public.app-category.finance";
				"INFOPLIST_KEY_UIApplicationSceneManifest_Generation[sdk=iphoneos*]" = YES;
				"INFOPLIST_KEY_UIApplicationSceneManifest_Generation[sdk=iphonesimulator*]" = YES;
				"INFOPLIST_KEY_UIApplicationSupportsIndirectInputEvents[sdk=iphoneos*]" = YES;
				"INFOPLIST_KEY_UIApplicationSupportsIndirectInputEvents[sdk=iphonesimulator*]" = YES;
				"INFOPLIST_KEY_UILaunchScreen_Generation[sdk=iphoneos*]" = YES;
				"INFOPLIST_KEY_UILaunchScreen_Generation[sdk=iphonesimulator*]" = YES;
				"INFOPLIST_KEY_UIStatusBarStyle[sdk=iphoneos*]" = UIStatusBarStyleDefault;
				"INFOPLIST_KEY_UIStatusBarStyle[sdk=iphonesimulator*]" = UIStatusBarStyleDefault;
				INFOPLIST_KEY_UISupportedInterfaceOrientations_iPad = "UIInterfaceOrientationPortrait UIInterfaceOrientationPortraitUpsideDown UIInterfaceOrientationLandscapeLeft UIInterfaceOrientationLandscapeRight";
				INFOPLIST_KEY_UISupportedInterfaceOrientations_iPhone = "UIInterfaceOrientationPortrait UIInterfaceOrientationLandscapeLeft UIInterfaceOrientationLandscapeRight";
				IPHONEOS_DEPLOYMENT_TARGET = 17.2;
				LD_RUNPATH_SEARCH_PATHS = "@executable_path/Frameworks";
				"LD_RUNPATH_SEARCH_PATHS[sdk=macosx*]" = "@executable_path/../Frameworks";
				MACOSX_DEPLOYMENT_TARGET = 14.2;
				MARKETING_VERSION = 1.0;
				PRODUCT_BUNDLE_IDENTIFIER = com.weldtactics.MoneyManager;
				PRODUCT_NAME = "$(TARGET_NAME)";
				SDKROOT = auto;
				SUPPORTED_PLATFORMS = "iphoneos iphonesimulator macosx";
				SWIFT_EMIT_LOC_STRINGS = YES;
				SWIFT_VERSION = 5.0;
				TARGETED_DEVICE_FAMILY = "1,2";
			};
			name = Debug;
		};
		122DBFC52B93D9A4001E130B /* Release */ = {
			isa = XCBuildConfiguration;
			buildSettings = {
				ASSETCATALOG_COMPILER_APPICON_NAME = AppIcon;
				ASSETCATALOG_COMPILER_GLOBAL_ACCENT_COLOR_NAME = AccentColor;
				CODE_SIGN_ENTITLEMENTS = MoneyManager/MoneyManager.entitlements;
				CODE_SIGN_STYLE = Automatic;
				CURRENT_PROJECT_VERSION = 1;
				DEVELOPMENT_ASSET_PATHS = "\"MoneyManager/Preview Content\"";
				DEVELOPMENT_TEAM = 8QQYNTY523;
				ENABLE_HARDENED_RUNTIME = YES;
				ENABLE_PREVIEWS = YES;
				GENERATE_INFOPLIST_FILE = YES;
				INFOPLIST_KEY_CFBundleDisplayName = MoneyManager;
				INFOPLIST_KEY_LSApplicationCategoryType = "public.app-category.finance";
				"INFOPLIST_KEY_UIApplicationSceneManifest_Generation[sdk=iphoneos*]" = YES;
				"INFOPLIST_KEY_UIApplicationSceneManifest_Generation[sdk=iphonesimulator*]" = YES;
				"INFOPLIST_KEY_UIApplicationSupportsIndirectInputEvents[sdk=iphoneos*]" = YES;
				"INFOPLIST_KEY_UIApplicationSupportsIndirectInputEvents[sdk=iphonesimulator*]" = YES;
				"INFOPLIST_KEY_UILaunchScreen_Generation[sdk=iphoneos*]" = YES;
				"INFOPLIST_KEY_UILaunchScreen_Generation[sdk=iphonesimulator*]" = YES;
				"INFOPLIST_KEY_UIStatusBarStyle[sdk=iphoneos*]" = UIStatusBarStyleDefault;
				"INFOPLIST_KEY_UIStatusBarStyle[sdk=iphonesimulator*]" = UIStatusBarStyleDefault;
				INFOPLIST_KEY_UISupportedInterfaceOrientations_iPad = "UIInterfaceOrientationPortrait UIInterfaceOrientationPortraitUpsideDown UIInterfaceOrientationLandscapeLeft UIInterfaceOrientationLandscapeRight";
				INFOPLIST_KEY_UISupportedInterfaceOrientations_iPhone = "UIInterfaceOrientationPortrait UIInterfaceOrientationLandscapeLeft UIInterfaceOrientationLandscapeRight";
				IPHONEOS_DEPLOYMENT_TARGET = 17.2;
				LD_RUNPATH_SEARCH_PATHS = "@executable_path/Frameworks";
				"LD_RUNPATH_SEARCH_PATHS[sdk=macosx*]" = "@executable_path/../Frameworks";
				MACOSX_DEPLOYMENT_TARGET = 14.2;
				MARKETING_VERSION = 1.0;
				PRODUCT_BUNDLE_IDENTIFIER = com.weldtactics.MoneyManager;
				PRODUCT_NAME = "$(TARGET_NAME)";
				SDKROOT = auto;
				SUPPORTED_PLATFORMS = "iphoneos iphonesimulator macosx";
				SWIFT_EMIT_LOC_STRINGS = YES;
				SWIFT_VERSION = 5.0;
				TARGETED_DEVICE_FAMILY = "1,2";
			};
			name = Release;
		};
		122DBFC72B93D9A4001E130B /* Debug */ = {
			isa = XCBuildConfiguration;
			buildSettings = {
				ALWAYS_EMBED_SWIFT_STANDARD_LIBRARIES = YES;
				BUNDLE_LOADER = "$(TEST_HOST)";
				CODE_SIGN_STYLE = Automatic;
				CURRENT_PROJECT_VERSION = 1;
				DEVELOPMENT_TEAM = 8QQYNTY523;
				GENERATE_INFOPLIST_FILE = YES;
				IPHONEOS_DEPLOYMENT_TARGET = 17.2;
				MACOSX_DEPLOYMENT_TARGET = 14.2;
				MARKETING_VERSION = 1.0;
				PRODUCT_BUNDLE_IDENTIFIER = com.weldtactics.MoneyManagerTests;
				PRODUCT_NAME = "$(TARGET_NAME)";
				SDKROOT = auto;
				SUPPORTED_PLATFORMS = "iphoneos iphonesimulator macosx";
				SWIFT_EMIT_LOC_STRINGS = NO;
				SWIFT_VERSION = 5.0;
				TARGETED_DEVICE_FAMILY = "1,2";
				TEST_HOST = "$(BUILT_PRODUCTS_DIR)/MoneyManager.app/$(BUNDLE_EXECUTABLE_FOLDER_PATH)/MoneyManager";
			};
			name = Debug;
		};
		122DBFC82B93D9A4001E130B /* Release */ = {
			isa = XCBuildConfiguration;
			buildSettings = {
				ALWAYS_EMBED_SWIFT_STANDARD_LIBRARIES = YES;
				BUNDLE_LOADER = "$(TEST_HOST)";
				CODE_SIGN_STYLE = Automatic;
				CURRENT_PROJECT_VERSION = 1;
				DEVELOPMENT_TEAM = 8QQYNTY523;
				GENERATE_INFOPLIST_FILE = YES;
				IPHONEOS_DEPLOYMENT_TARGET = 17.2;
				MACOSX_DEPLOYMENT_TARGET = 14.2;
				MARKETING_VERSION = 1.0;
				PRODUCT_BUNDLE_IDENTIFIER = com.weldtactics.MoneyManagerTests;
				PRODUCT_NAME = "$(TARGET_NAME)";
				SDKROOT = auto;
				SUPPORTED_PLATFORMS = "iphoneos iphonesimulator macosx";
				SWIFT_EMIT_LOC_STRINGS = NO;
				SWIFT_VERSION = 5.0;
				TARGETED_DEVICE_FAMILY = "1,2";
				TEST_HOST = "$(BUILT_PRODUCTS_DIR)/MoneyManager.app/$(BUNDLE_EXECUTABLE_FOLDER_PATH)/MoneyManager";
			};
			name = Release;
		};
		122DBFCA2B93D9A4001E130B /* Debug */ = {
			isa = XCBuildConfiguration;
			buildSettings = {
				ALWAYS_EMBED_SWIFT_STANDARD_LIBRARIES = YES;
				CODE_SIGN_STYLE = Automatic;
				CURRENT_PROJECT_VERSION = 1;
				DEVELOPMENT_TEAM = 8QQYNTY523;
				GENERATE_INFOPLIST_FILE = YES;
				IPHONEOS_DEPLOYMENT_TARGET = 17.2;
				MACOSX_DEPLOYMENT_TARGET = 14.2;
				MARKETING_VERSION = 1.0;
				PRODUCT_BUNDLE_IDENTIFIER = com.weldtactics.MoneyManagerUITests;
				PRODUCT_NAME = "$(TARGET_NAME)";
				SDKROOT = auto;
				SUPPORTED_PLATFORMS = "iphoneos iphonesimulator macosx";
				SWIFT_EMIT_LOC_STRINGS = NO;
				SWIFT_VERSION = 5.0;
				TARGETED_DEVICE_FAMILY = "1,2";
				TEST_TARGET_NAME = MoneyManager;
			};
			name = Debug;
		};
		122DBFCB2B93D9A4001E130B /* Release */ = {
			isa = XCBuildConfiguration;
			buildSettings = {
				ALWAYS_EMBED_SWIFT_STANDARD_LIBRARIES = YES;
				CODE_SIGN_STYLE = Automatic;
				CURRENT_PROJECT_VERSION = 1;
				DEVELOPMENT_TEAM = 8QQYNTY523;
				GENERATE_INFOPLIST_FILE = YES;
				IPHONEOS_DEPLOYMENT_TARGET = 17.2;
				MACOSX_DEPLOYMENT_TARGET = 14.2;
				MARKETING_VERSION = 1.0;
				PRODUCT_BUNDLE_IDENTIFIER = com.weldtactics.MoneyManagerUITests;
				PRODUCT_NAME = "$(TARGET_NAME)";
				SDKROOT = auto;
				SUPPORTED_PLATFORMS = "iphoneos iphonesimulator macosx";
				SWIFT_EMIT_LOC_STRINGS = NO;
				SWIFT_VERSION = 5.0;
				TARGETED_DEVICE_FAMILY = "1,2";
				TEST_TARGET_NAME = MoneyManager;
			};
			name = Release;
		};
/* End XCBuildConfiguration section */

/* Begin XCConfigurationList section */
		122DBF992B93D9A3001E130B /* Build configuration list for PBXProject "MoneyManager" */ = {
			isa = XCConfigurationList;
			buildConfigurations = (
				122DBFC12B93D9A4001E130B /* Debug */,
				122DBFC22B93D9A4001E130B /* Release */,
			);
			defaultConfigurationIsVisible = 0;
			defaultConfigurationName = Release;
		};
		122DBFC32B93D9A4001E130B /* Build configuration list for PBXNativeTarget "MoneyManager" */ = {
			isa = XCConfigurationList;
			buildConfigurations = (
				122DBFC42B93D9A4001E130B /* Debug */,
				122DBFC52B93D9A4001E130B /* Release */,
			);
			defaultConfigurationIsVisible = 0;
			defaultConfigurationName = Release;
		};
		122DBFC62B93D9A4001E130B /* Build configuration list for PBXNativeTarget "MoneyManagerTests" */ = {
			isa = XCConfigurationList;
			buildConfigurations = (
				122DBFC72B93D9A4001E130B /* Debug */,
				122DBFC82B93D9A4001E130B /* Release */,
			);
			defaultConfigurationIsVisible = 0;
			defaultConfigurationName = Release;
		};
		122DBFC92B93D9A4001E130B /* Build configuration list for PBXNativeTarget "MoneyManagerUITests" */ = {
			isa = XCConfigurationList;
			buildConfigurations = (
				122DBFCA2B93D9A4001E130B /* Debug */,
				122DBFCB2B93D9A4001E130B /* Release */,
			);
			defaultConfigurationIsVisible = 0;
			defaultConfigurationName = Release;
		};
/* End XCConfigurationList section */
	};
	rootObject = 122DBF962B93D9A3001E130B /* Project object */;
}
